
Microsoft Visual Studio Solution File, Format Version 12.00
# Visual Studio Version 17
VisualStudioVersion = 17.5.002.0
MinimumVisualStudioVersion = 10.0.40219.1
Project("{9A19103F-16F7-4668-BE54-9A1E7A4F7556}") = "Programing", "Programing.csproj", "{23E359AB-3F44-497D-8EBC-C97A41FAE5BC}"
EndProject
Global
	GlobalSection(SolutionConfigurationPlatforms) = preSolution
		Debug|Any CPU = Debug|Any CPU
		Release|Any CPU = Release|Any CPU
	EndGlobalSection
	GlobalSection(ProjectConfigurationPlatforms) = postSolution
		{23E359AB-3F44-497D-8EBC-C97A41FAE5BC}.Debug|Any CPU.ActiveCfg = Debug|Any CPU
		{23E359AB-3F44-497D-8EBC-C97A41FAE5BC}.Debug|Any CPU.Build.0 = Debug|Any CPU
		{23E359AB-3F44-497D-8EBC-C97A41FAE5BC}.Release|Any CPU.ActiveCfg = Release|Any CPU
		{23E359AB-3F44-497D-8EBC-C97A41FAE5BC}.Release|Any CPU.Build.0 = Release|Any CPU
	EndGlobalSection
	GlobalSection(SolutionProperties) = preSolution
		HideSolutionNode = FALSE
	EndGlobalSection
	GlobalSection(ExtensibilityGlobals) = postSolution
		SolutionGuid = {2305ECC1-2A23-43CF-9800-45F7A6097025}
	EndGlobalSection
EndGlobal
